
Microsoft Visual Studio Solution File, Format Version 12.00
# Visual Studio Version 16
VisualStudioVersion = 16.0.28803.202
MinimumVisualStudioVersion = 10.0.40219.1
Project("{FAE04EC0-301F-11D3-BF4B-00C04F79EFBC}") = "Interzoo.Web", "Interzoo.Web\Interzoo.Web.csproj", "{0DF9EC3A-155A-4E0C-B454-B736FFF8FEB1}"
EndProject
Project("{FAE04EC0-301F-11D3-BF4B-00C04F79EFBC}") = "Interzoo.DAL", "Interzoo.DAL\Interzoo.DAL.csproj", "{1B798CDD-4AC8-435C-9857-91A097D4F9E8}"
EndProject
Project("{FAE04EC0-301F-11D3-BF4B-00C04F79EFBC}") = "ToolBox", "ToolBox\ToolBox.csproj", "{6CB910DC-1F61-4E70-8BCC-2E95C29E32BE}"
EndProject
Global
	GlobalSection(SolutionConfigurationPlatforms) = preSolution
		Debug|Any CPU = Debug|Any CPU
		Release|Any CPU = Release|Any CPU
	EndGlobalSection
	GlobalSection(ProjectConfigurationPlatforms) = postSolution
		{0DF9EC3A-155A-4E0C-B454-B736FFF8FEB1}.Debug|Any CPU.ActiveCfg = Debug|Any CPU
		{0DF9EC3A-155A-4E0C-B454-B736FFF8FEB1}.Debug|Any CPU.Build.0 = Debug|Any CPU
		{0DF9EC3A-155A-4E0C-B454-B736FFF8FEB1}.Release|Any CPU.ActiveCfg = Release|Any CPU
		{0DF9EC3A-155A-4E0C-B454-B736FFF8FEB1}.Release|Any CPU.Build.0 = Release|Any CPU
		{1B798CDD-4AC8-435C-9857-91A097D4F9E8}.Debug|Any CPU.ActiveCfg = Debug|Any CPU
		{1B798CDD-4AC8-435C-9857-91A097D4F9E8}.Debug|Any CPU.Build.0 = Debug|Any CPU
		{1B798CDD-4AC8-435C-9857-91A097D4F9E8}.Release|Any CPU.ActiveCfg = Release|Any CPU
		{1B798CDD-4AC8-435C-9857-91A097D4F9E8}.Release|Any CPU.Build.0 = Release|Any CPU
		{6CB910DC-1F61-4E70-8BCC-2E95C29E32BE}.Debug|Any CPU.ActiveCfg = Debug|Any CPU
		{6CB910DC-1F61-4E70-8BCC-2E95C29E32BE}.Debug|Any CPU.Build.0 = Debug|Any CPU
		{6CB910DC-1F61-4E70-8BCC-2E95C29E32BE}.Release|Any CPU.ActiveCfg = Release|Any CPU
		{6CB910DC-1F61-4E70-8BCC-2E95C29E32BE}.Release|Any CPU.Build.0 = Release|Any CPU
	EndGlobalSection
	GlobalSection(SolutionProperties) = preSolution
		HideSolutionNode = FALSE
	EndGlobalSection
	GlobalSection(ExtensibilityGlobals) = postSolution
		SolutionGuid = {49D6E75C-3130-4675-9375-6AC5B383A30D}
	EndGlobalSection
EndGlobal
